
Microsoft Visual Studio Solution File, Format Version 12.00
# Visual Studio Version 16
VisualStudioVersion = 16.0.31702.278
MinimumVisualStudioVersion = 10.0.40219.1
Project("{8BC9CEB8-8B4A-11D0-8D11-00A0C91BC942}") = "lab1", "lab1\lab1.vcxproj", "{E594E66A-1A1F-4BE4-A445-A3F9FF5C08E8}"
EndProject
Global
	GlobalSection(SolutionConfigurationPlatforms) = preSolution
		Debug|x64 = Debug|x64
		Debug|x86 = Debug|x86
		Release|x64 = Release|x64
		Release|x86 = Release|x86
	EndGlobalSection
	GlobalSection(ProjectConfigurationPlatforms) = postSolution
		{E594E66A-1A1F-4BE4-A445-A3F9FF5C08E8}.Debug|x64.ActiveCfg = Debug|x64
		{E594E66A-1A1F-4BE4-A445-A3F9FF5C08E8}.Debug|x64.Build.0 = Debug|x64
		{E594E66A-1A1F-4BE4-A445-A3F9FF5C08E8}.Debug|x86.ActiveCfg = Debug|Win32
		{E594E66A-1A1F-4BE4-A445-A3F9FF5C08E8}.Debug|x86.Build.0 = Debug|Win32
		{E594E66A-1A1F-4BE4-A445-A3F9FF5C08E8}.Release|x64.ActiveCfg = Release|x64
		{E594E66A-1A1F-4BE4-A445-A3F9FF5C08E8}.Release|x64.Build.0 = Release|x64
		{E594E66A-1A1F-4BE4-A445-A3F9FF5C08E8}.Release|x86.ActiveCfg = Release|Win32
		{E594E66A-1A1F-4BE4-A445-A3F9FF5C08E8}.Release|x86.Build.0 = Release|Win32
	EndGlobalSection
	GlobalSection(SolutionProperties) = preSolution
		HideSolutionNode = FALSE
	EndGlobalSection
	GlobalSection(ExtensibilityGlobals) = postSolution
		SolutionGuid = {57A56D04-508B-4C49-A523-59AD24476265}
	EndGlobalSection
EndGlobal
